<?xml version="1.0" encoding="utf-8"?>
<Project ToolsVersion="4.0" xmlns="http://schemas.microsoft.com/developer/msbuild/2003">
  <ItemGroup>
    <Filter Include="Source Files">
      <Extensions>c</Extensions>
      <UniqueIdentifier>{EEA9A0D2-B8ED-4A83-9FD8-86D012F2A3DD}</UniqueIdentifier>
    </Filter>
    <Filter Include="Header Files">
      <Extensions>h</Extensions>
      <UniqueIdentifier>{DE5B128E-EFF9-4660-B21A-9D0826098B5B}</UniqueIdentifier>
    </Filter>
    <Filter Include="Driver Files">
      <Extensions>inf;inx</Extensions>
      <UniqueIdentifier>{662CD683-2177-4B49-ACF5-1D536E8595F4}</UniqueIdentifier>
    </Filter>
  </ItemGroup>
  <ItemGroup>
    <ClCompile Include="memory.c">
      <Filter>Source Files</Filter>
    </ClCompile>
    <ClCompile Include="queue_default.c">
      <Filter>Source Files</Filter>
    </ClCompile>
    <ClCompile Include="queue_manual.c">
      <Filter>Source Files</Filter>
    </ClCompile>
    <ClCompile Include="driver.c">
      <Filter>Source Files</Filter>
    </ClCompile>
    <ClCompile Include="device.c">
      <Filter>Source Files</Filter>
    </ClCompile>
  </ItemGroup>
  <ItemGroup>
    <ClInclude Include="device.h">
      <Filter>Header Files</Filter>
    </ClInclude>
    <ClInclude Include="hid.h">
      <Filter>Header Files</Filter>
    </ClInclude>
    <ClInclude Include="memory.h">
      <Filter>Header Files</Filter>
    </ClInclude>
    <ClInclude Include="queue_default.h">
      <Filter>Header Files</Filter>
    </ClInclude>
    <ClInclude Include="queue_manual.h">
      <Filter>Header Files</Filter>
    </ClInclude>
    <ClInclude Include="driver.h">
      <Filter>Header Files</Filter>
    </ClInclude>
  </ItemGroup>
  <ItemGroup>
    <Inf Include="hidriver.inf">
      <Filter>Driver Files</Filter>
    </Inf>
  </ItemGroup>
</Project>